// !$*UTF8*$!
{
	archiveVersion = 1;
	classes = {
	};
	objectVersion = 50;
	objects = {

/* Begin PBXBuildFile section */
		16B429F187BC77FEC774A1E1 /* GroupChannelViewController+Setting.swift in Sources */ = {isa = PBXBuildFile; fileRef = ACC871D3E2465B3BE524E9A1 /* GroupChannelViewController+Setting.swift */; };
		3BD783C68A25E8AE0159682B /* SettingViewController.swift in Sources */ = {isa = PBXBuildFile; fileRef = B333DED16F92D9224572A65E /* SettingViewController.swift */; };
		4451BD6044BB825E72D0B318 /* Bundle+MarkAsReadGroupChannel.swift in Sources */ = {isa = PBXBuildFile; fileRef = D9B7665E220BDE777B8A40DF /* Bundle+MarkAsReadGroupChannel.swift */; };
		57E98E9C62A8EC144CB78E91 /* GroupChannelViewController+FileMessage.swift in Sources */ = {isa = PBXBuildFile; fileRef = 1F9731A704A87CCC02EC6635 /* GroupChannelViewController+FileMessage.swift */; };
		58950A95A036735E3C9368BF /* GroupChannelViewController.swift in Sources */ = {isa = PBXBuildFile; fileRef = 8F2FBDD0F6FFA8D02ECE5587 /* GroupChannelViewController.swift */; };
		664A07F0A3ED72256CA3B11D /* GroupChannelListViewController.swift in Sources */ = {isa = PBXBuildFile; fileRef = CD24C9C1717E5DF76CF9787A /* GroupChannelListViewController.swift */; };
		6CCE46690E521B98015C9F9E /* GroupChannelViewController+EditMessage.swift in Sources */ = {isa = PBXBuildFile; fileRef = 13608FF5EAA36253C59F9144 /* GroupChannelViewController+EditMessage.swift */; };
		743AEAB048E0FA72C2CC76E3 /* Main.storyboard in Resources */ = {isa = PBXBuildFile; fileRef = 1B9E7AF4A12F378382A6293F /* Main.storyboard */; };
		7E35021E4D66D4B876D5BAE0 /* ViewController.swift in Sources */ = {isa = PBXBuildFile; fileRef = A656A681B818A19C3F56F731 /* ViewController.swift */; };
		87BD78ECF3B0BF105C4D7C57 /* GroupChannelMemberListViewController.swift in Sources */ = {isa = PBXBuildFile; fileRef = E727E4DF743D28814A692A38 /* GroupChannelMemberListViewController.swift */; };
		887871E239D052B64D0FB867 /* CommonModule.framework in Embed Frameworks */ = {isa = PBXBuildFile; fileRef = 0A065122BEED8D4482F60627 /* CommonModule.framework */; platformFilter = ios; settings = {ATTRIBUTES = (CodeSignOnCopy, RemoveHeadersOnCopy, ); }; };
		8D3D0F676DEDB201FBFBAA07 /* CreateGroupChannelViewController.swift in Sources */ = {isa = PBXBuildFile; fileRef = AD40DFBCF8E148A665DC4DF0 /* CreateGroupChannelViewController.swift */; };
		A0C70A98B630FD797D989BA2 /* Assets.xcassets in Resources */ = {isa = PBXBuildFile; fileRef = C4504053444F2B1B4A62F2FE /* Assets.xcassets */; };
		A8C53898794662723CCD2AA0 /* SendbirdChatSDK.xcframework in Embed Frameworks */ = {isa = PBXBuildFile; fileRef = 4BDD55D391221F332475FA15 /* SendbirdChatSDK.xcframework */; settings = {ATTRIBUTES = (CodeSignOnCopy, RemoveHeadersOnCopy, ); }; };
		A93D602D4531570049D42F3F /* CommonModule.framework in Frameworks */ = {isa = PBXBuildFile; fileRef = 0A065122BEED8D4482F60627 /* CommonModule.framework */; platformFilter = ios; };
		AE39E752E98F144659DB27FA /* MarkAsReadUseCase.swift in Sources */ = {isa = PBXBuildFile; fileRef = 20A6AA50F4B30620E6CD935F /* MarkAsReadUseCase.swift */; };
		E321D261BD4B017E611A02FD /* Assets+MarkAsReadGroupChannel.swift in Sources */ = {isa = PBXBuildFile; fileRef = 6FC2F170419EF87CE7D27727 /* Assets+MarkAsReadGroupChannel.swift */; };
		ED42A2CEC15E8511B26F0F7A /* AppDelegate.swift in Sources */ = {isa = PBXBuildFile; fileRef = 97E0F55E70C4C04B8AA27879 /* AppDelegate.swift */; };
		FBFCD294FE15246C32CB2D9C /* LaunchScreen.storyboard in Resources */ = {isa = PBXBuildFile; fileRef = 4983A24EE5CD63204EEC35FD /* LaunchScreen.storyboard */; };
/* End PBXBuildFile section */

/* Begin PBXCopyFilesBuildPhase section */
		FABD412F2DEA292C969DB168 /* Embed Frameworks */ = {
			isa = PBXCopyFilesBuildPhase;
			buildActionMask = 2147483647;
			dstPath = "";
			dstSubfolderSpec = 10;
			files = (
				887871E239D052B64D0FB867 /* CommonModule.framework in Embed Frameworks */,
				A8C53898794662723CCD2AA0 /* SendbirdChatSDK.xcframework in Embed Frameworks */,
			);
			name = "Embed Frameworks";
			runOnlyForDeploymentPostprocessing = 0;
		};
/* End PBXCopyFilesBuildPhase section */

/* Begin PBXFileReference section */
		01E9510AF69966797B4F4F48 /* MarkAsReadGroupChannel.app */ = {isa = PBXFileReference; explicitFileType = wrapper.application; includeInIndex = 0; path = MarkAsReadGroupChannel.app; sourceTree = BUILT_PRODUCTS_DIR; };
		0A065122BEED8D4482F60627 /* CommonModule.framework */ = {isa = PBXFileReference; explicitFileType = wrapper.framework; includeInIndex = 0; path = CommonModule.framework; sourceTree = BUILT_PRODUCTS_DIR; };
		13608FF5EAA36253C59F9144 /* GroupChannelViewController+EditMessage.swift */ = {isa = PBXFileReference; lastKnownFileType = sourcecode.swift; path = "GroupChannelViewController+EditMessage.swift"; sourceTree = "<group>"; };
		1B9E7AF4A12F378382A6293F /* Main.storyboard */ = {isa = PBXFileReference; lastKnownFileType = file.storyboard; path = Main.storyboard; sourceTree = "<group>"; };
		1F9731A704A87CCC02EC6635 /* GroupChannelViewController+FileMessage.swift */ = {isa = PBXFileReference; lastKnownFileType = sourcecode.swift; path = "GroupChannelViewController+FileMessage.swift"; sourceTree = "<group>"; };
		20A6AA50F4B30620E6CD935F /* MarkAsReadUseCase.swift */ = {isa = PBXFileReference; lastKnownFileType = sourcecode.swift; path = MarkAsReadUseCase.swift; sourceTree = "<group>"; };
		20BD808EB9DFB6E207795F04 /* MarkAsReadGroupChannel.plist */ = {isa = PBXFileReference; lastKnownFileType = text.plist; path = MarkAsReadGroupChannel.plist; sourceTree = "<group>"; };
		4983A24EE5CD63204EEC35FD /* LaunchScreen.storyboard */ = {isa = PBXFileReference; lastKnownFileType = file.storyboard; path = LaunchScreen.storyboard; sourceTree = "<group>"; };
		4BDD55D391221F332475FA15 /* SendbirdChatSDK.xcframework */ = {isa = PBXFileReference; lastKnownFileType = wrapper.xcframework; path = SendbirdChatSDK.xcframework; sourceTree = "<group>"; };
		6FC2F170419EF87CE7D27727 /* Assets+MarkAsReadGroupChannel.swift */ = {isa = PBXFileReference; lastKnownFileType = sourcecode.swift; path = "Assets+MarkAsReadGroupChannel.swift"; sourceTree = "<group>"; };
		8F2FBDD0F6FFA8D02ECE5587 /* GroupChannelViewController.swift */ = {isa = PBXFileReference; lastKnownFileType = sourcecode.swift; path = GroupChannelViewController.swift; sourceTree = "<group>"; };
		97E0F55E70C4C04B8AA27879 /* AppDelegate.swift */ = {isa = PBXFileReference; lastKnownFileType = sourcecode.swift; path = AppDelegate.swift; sourceTree = "<group>"; };
		A656A681B818A19C3F56F731 /* ViewController.swift */ = {isa = PBXFileReference; lastKnownFileType = sourcecode.swift; path = ViewController.swift; sourceTree = "<group>"; };
		ACC871D3E2465B3BE524E9A1 /* GroupChannelViewController+Setting.swift */ = {isa = PBXFileReference; lastKnownFileType = sourcecode.swift; path = "GroupChannelViewController+Setting.swift"; sourceTree = "<group>"; };
		AD40DFBCF8E148A665DC4DF0 /* CreateGroupChannelViewController.swift */ = {isa = PBXFileReference; lastKnownFileType = sourcecode.swift; path = CreateGroupChannelViewController.swift; sourceTree = "<group>"; };
		B333DED16F92D9224572A65E /* SettingViewController.swift */ = {isa = PBXFileReference; lastKnownFileType = sourcecode.swift; path = SettingViewController.swift; sourceTree = "<group>"; };
		C4504053444F2B1B4A62F2FE /* Assets.xcassets */ = {isa = PBXFileReference; lastKnownFileType = folder.assetcatalog; path = Assets.xcassets; sourceTree = "<group>"; };
		CD24C9C1717E5DF76CF9787A /* GroupChannelListViewController.swift */ = {isa = PBXFileReference; lastKnownFileType = sourcecode.swift; path = GroupChannelListViewController.swift; sourceTree = "<group>"; };
		D9B7665E220BDE777B8A40DF /* Bundle+MarkAsReadGroupChannel.swift */ = {isa = PBXFileReference; lastKnownFileType = sourcecode.swift; path = "Bundle+MarkAsReadGroupChannel.swift"; sourceTree = "<group>"; };
		E727E4DF743D28814A692A38 /* GroupChannelMemberListViewController.swift */ = {isa = PBXFileReference; lastKnownFileType = sourcecode.swift; path = GroupChannelMemberListViewController.swift; sourceTree = "<group>"; };
/* End PBXFileReference section */

/* Begin PBXFrameworksBuildPhase section */
		676510FFA78E06BA23E721FC /* Frameworks */ = {
			isa = PBXFrameworksBuildPhase;
			buildActionMask = 2147483647;
			files = (
				A93D602D4531570049D42F3F /* CommonModule.framework in Frameworks */,
			);
			runOnlyForDeploymentPostprocessing = 0;
		};
/* End PBXFrameworksBuildPhase section */

/* Begin PBXGroup section */
		0899DA62BBD4CD37ACB6E092 /* Setting */ = {
			isa = PBXGroup;
			children = (
				B333DED16F92D9224572A65E /* SettingViewController.swift */,
			);
			path = Setting;
			sourceTree = "<group>";
		};
		0A635A1232F2C1C88F04D699 /* Sources */ = {
			isa = PBXGroup;
			children = (
				6FC2F170419EF87CE7D27727 /* Assets+MarkAsReadGroupChannel.swift */,
				D9B7665E220BDE777B8A40DF /* Bundle+MarkAsReadGroupChannel.swift */,
			);
			path = Sources;
			sourceTree = "<group>";
		};
		1BBFF7A0955BD3126CAF6A72 /* artifacts */ = {
			isa = PBXGroup;
			children = (
				D1D97CDE6E60A55BF1AF7736 /* sendbird-chat-sdk-ios */,
			);
			path = artifacts;
			sourceTree = "<group>";
		};
		31B98C537E8E386681FFAD20 = {
			isa = PBXGroup;
			children = (
				DA0983F61106EFA18177B6C8 /* Project */,
				CC7C9701E188F76EC3376E75 /* Frameworks */,
				DE261EB1E46346954FD5FB53 /* Products */,
			);
			sourceTree = "<group>";
		};
		44E9C9DDC776580736C4364F /* Channel */ = {
			isa = PBXGroup;
			children = (
				8F2FBDD0F6FFA8D02ECE5587 /* GroupChannelViewController.swift */,
				13608FF5EAA36253C59F9144 /* GroupChannelViewController+EditMessage.swift */,
				1F9731A704A87CCC02EC6635 /* GroupChannelViewController+FileMessage.swift */,
				ACC871D3E2465B3BE524E9A1 /* GroupChannelViewController+Setting.swift */,
			);
			path = Channel;
			sourceTree = "<group>";
		};
		47B0C9F87B6B7AF3BD27A595 /* MemberList */ = {
			isa = PBXGroup;
			children = (
				E727E4DF743D28814A692A38 /* GroupChannelMemberListViewController.swift */,
			);
			path = MemberList;
			sourceTree = "<group>";
		};
		5C33271BC1385D4706CA1AB4 /* UseCase */ = {
			isa = PBXGroup;
			children = (
				20A6AA50F4B30620E6CD935F /* MarkAsReadUseCase.swift */,
			);
			path = UseCase;
			sourceTree = "<group>";
		};
		5E75D15DB3A0F7FF7B00DA90 /* CreateChannel */ = {
			isa = PBXGroup;
			children = (
				AD40DFBCF8E148A665DC4DF0 /* CreateGroupChannelViewController.swift */,
			);
			path = CreateChannel;
			sourceTree = "<group>";
		};
		8F06460C7CA0D44474BA817B /* Dependencies */ = {
			isa = PBXGroup;
			children = (
				D9DFB8A16A8D56E87A7C8CD8 /* SwiftPackageManager */,
			);
			path = Dependencies;
			sourceTree = "<group>";
		};
		925CCDD9295BBD43CC698AAD /* Tuist */ = {
			isa = PBXGroup;
			children = (
				8F06460C7CA0D44474BA817B /* Dependencies */,
			);
			name = Tuist;
			path = ../../Tuist;
			sourceTree = "<group>";
		};
		97CE688F7CD5FBD99C7B67FA /* Sources */ = {
			isa = PBXGroup;
			children = (
				44E9C9DDC776580736C4364F /* Channel */,
				E7407A2487500510001DADEC /* ChannelList */,
				5E75D15DB3A0F7FF7B00DA90 /* CreateChannel */,
				47B0C9F87B6B7AF3BD27A595 /* MemberList */,
				0899DA62BBD4CD37ACB6E092 /* Setting */,
				5C33271BC1385D4706CA1AB4 /* UseCase */,
				97E0F55E70C4C04B8AA27879 /* AppDelegate.swift */,
				A656A681B818A19C3F56F731 /* ViewController.swift */,
			);
			path = Sources;
			sourceTree = "<group>";
		};
		A09F200E2FB1D3FF321AD569 /* SendbirdChatSDK */ = {
			isa = PBXGroup;
			children = (
				4BDD55D391221F332475FA15 /* SendbirdChatSDK.xcframework */,
			);
			path = SendbirdChatSDK;
			sourceTree = "<group>";
		};
		BAC9FEC3F713DEEE7900357C /* Resources */ = {
			isa = PBXGroup;
			children = (
				C4504053444F2B1B4A62F2FE /* Assets.xcassets */,
				4983A24EE5CD63204EEC35FD /* LaunchScreen.storyboard */,
				1B9E7AF4A12F378382A6293F /* Main.storyboard */,
			);
			path = Resources;
			sourceTree = "<group>";
		};
		C42CBCF46D660A5CE2E451E1 /* .build */ = {
			isa = PBXGroup;
			children = (
				1BBFF7A0955BD3126CAF6A72 /* artifacts */,
			);
			path = .build;
			sourceTree = "<group>";
		};
		CC7C9701E188F76EC3376E75 /* Frameworks */ = {
			isa = PBXGroup;
			children = (
			);
			name = Frameworks;
			sourceTree = "<group>";
		};
		D1D97CDE6E60A55BF1AF7736 /* sendbird-chat-sdk-ios */ = {
			isa = PBXGroup;
			children = (
				A09F200E2FB1D3FF321AD569 /* SendbirdChatSDK */,
			);
			path = "sendbird-chat-sdk-ios";
			sourceTree = "<group>";
		};
		D9DFB8A16A8D56E87A7C8CD8 /* SwiftPackageManager */ = {
			isa = PBXGroup;
			children = (
				C42CBCF46D660A5CE2E451E1 /* .build */,
			);
			path = SwiftPackageManager;
			sourceTree = "<group>";
		};
		DA0983F61106EFA18177B6C8 /* Project */ = {
			isa = PBXGroup;
			children = (
				EEBAEE9ACFC9D124D1C28B3D /* Derived */,
				BAC9FEC3F713DEEE7900357C /* Resources */,
				97CE688F7CD5FBD99C7B67FA /* Sources */,
				925CCDD9295BBD43CC698AAD /* Tuist */,
			);
			name = Project;
			sourceTree = "<group>";
		};
		DE261EB1E46346954FD5FB53 /* Products */ = {
			isa = PBXGroup;
			children = (
				0A065122BEED8D4482F60627 /* CommonModule.framework */,
				01E9510AF69966797B4F4F48 /* MarkAsReadGroupChannel.app */,
			);
			name = Products;
			sourceTree = "<group>";
		};
		E297EF220460644D8C1844ED /* InfoPlists */ = {
			isa = PBXGroup;
			children = (
				20BD808EB9DFB6E207795F04 /* MarkAsReadGroupChannel.plist */,
			);
			path = InfoPlists;
			sourceTree = "<group>";
		};
		E7407A2487500510001DADEC /* ChannelList */ = {
			isa = PBXGroup;
			children = (
				CD24C9C1717E5DF76CF9787A /* GroupChannelListViewController.swift */,
			);
			path = ChannelList;
			sourceTree = "<group>";
		};
		EEBAEE9ACFC9D124D1C28B3D /* Derived */ = {
			isa = PBXGroup;
			children = (
				E297EF220460644D8C1844ED /* InfoPlists */,
				0A635A1232F2C1C88F04D699 /* Sources */,
			);
			path = Derived;
			sourceTree = "<group>";
		};
/* End PBXGroup section */

/* Begin PBXNativeTarget section */
		67B6423ED786E681EF280433 /* MarkAsReadGroupChannel */ = {
			isa = PBXNativeTarget;
			buildConfigurationList = BBA8271B5BD223AA88B5178F /* Build configuration list for PBXNativeTarget "MarkAsReadGroupChannel" */;
			buildPhases = (
				2977DC424F5F83BE3E112EB8 /* Sources */,
				0CB27A4016DE4076E855EAC1 /* Resources */,
				FABD412F2DEA292C969DB168 /* Embed Frameworks */,
				676510FFA78E06BA23E721FC /* Frameworks */,
			);
			buildRules = (
			);
			dependencies = (
			);
			name = MarkAsReadGroupChannel;
			productName = MarkAsReadGroupChannel;
			productReference = 01E9510AF69966797B4F4F48 /* MarkAsReadGroupChannel.app */;
			productType = "com.apple.product-type.application";
		};
/* End PBXNativeTarget section */

/* Begin PBXProject section */
		BB13BBAADEC2785F562D7D69 /* Project object */ = {
			isa = PBXProject;
			attributes = {
				ORGANIZATIONNAME = Sendbird;
				TargetAttributes = {
				};
			};
			buildConfigurationList = 672F38E4F00D0B7ABAD4AC5A /* Build configuration list for PBXProject "MarkAsReadGroupChannel" */;
			compatibilityVersion = "Xcode 13.0";
			developmentRegion = en;
			hasScannedForEncodings = 0;
			knownRegions = (
				Base,
				en,
			);
			mainGroup = 31B98C537E8E386681FFAD20;
			productRefGroup = DE261EB1E46346954FD5FB53 /* Products */;
			projectDirPath = "";
			projectRoot = "";
			targets = (
				67B6423ED786E681EF280433 /* MarkAsReadGroupChannel */,
			);
		};
/* End PBXProject section */

/* Begin PBXResourcesBuildPhase section */
		0CB27A4016DE4076E855EAC1 /* Resources */ = {
			isa = PBXResourcesBuildPhase;
			buildActionMask = 2147483647;
			files = (
				A0C70A98B630FD797D989BA2 /* Assets.xcassets in Resources */,
				FBFCD294FE15246C32CB2D9C /* LaunchScreen.storyboard in Resources */,
				743AEAB048E0FA72C2CC76E3 /* Main.storyboard in Resources */,
			);
			runOnlyForDeploymentPostprocessing = 0;
		};
/* End PBXResourcesBuildPhase section */

/* Begin PBXSourcesBuildPhase section */
		2977DC424F5F83BE3E112EB8 /* Sources */ = {
			isa = PBXSourcesBuildPhase;
			buildActionMask = 2147483647;
			files = (
				E321D261BD4B017E611A02FD /* Assets+MarkAsReadGroupChannel.swift in Sources */,
				4451BD6044BB825E72D0B318 /* Bundle+MarkAsReadGroupChannel.swift in Sources */,
				ED42A2CEC15E8511B26F0F7A /* AppDelegate.swift in Sources */,
				6CCE46690E521B98015C9F9E /* GroupChannelViewController+EditMessage.swift in Sources */,
				57E98E9C62A8EC144CB78E91 /* GroupChannelViewController+FileMessage.swift in Sources */,
				16B429F187BC77FEC774A1E1 /* GroupChannelViewController+Setting.swift in Sources */,
				58950A95A036735E3C9368BF /* GroupChannelViewController.swift in Sources */,
				664A07F0A3ED72256CA3B11D /* GroupChannelListViewController.swift in Sources */,
				8D3D0F676DEDB201FBFBAA07 /* CreateGroupChannelViewController.swift in Sources */,
				87BD78ECF3B0BF105C4D7C57 /* GroupChannelMemberListViewController.swift in Sources */,
				3BD783C68A25E8AE0159682B /* SettingViewController.swift in Sources */,
				AE39E752E98F144659DB27FA /* MarkAsReadUseCase.swift in Sources */,
				7E35021E4D66D4B876D5BAE0 /* ViewController.swift in Sources */,
			);
			runOnlyForDeploymentPostprocessing = 0;
		};
/* End PBXSourcesBuildPhase section */

/* Begin XCBuildConfiguration section */
		3B9257414F89B034DFAE5B8F /* Release */ = {
			isa = XCBuildConfiguration;
			buildSettings = {
				ASSETCATALOG_COMPILER_APPICON_NAME = AppIcon;
				CODE_SIGN_IDENTITY = "iPhone Developer";
				CODE_SIGN_STYLE = Automatic;
				DEVELOPMENT_TEAM = RM4A5PXTUX;
				ENABLE_PREVIEWS = YES;
				INFOPLIST_FILE = Derived/InfoPlists/MarkAsReadGroupChannel.plist;
				IPHONEOS_DEPLOYMENT_TARGET = 13.0;
				LD_RUNPATH_SEARCH_PATHS = (
					"$(inherited)",
					"@executable_path/Frameworks",
				);
				PRODUCT_BUNDLE_IDENTIFIER = com.sendbird.chat.MarkAsReadGroupChannel;
				PRODUCT_NAME = MarkAsReadGroupChannel;
				SDKROOT = iphoneos;
				SUPPORTS_MACCATALYST = NO;
				SWIFT_COMPILATION_MODE = wholemodule;
				SWIFT_OPTIMIZATION_LEVEL = "-Owholemodule";
				SWIFT_VERSION = 5.8.1;
				TARGETED_DEVICE_FAMILY = 1;
			};
			name = Release;
		};
		E1DD72B4A570172319ED2746 /* Debug */ = {
			isa = XCBuildConfiguration;
			buildSettings = {
				ALWAYS_SEARCH_USER_PATHS = NO;
				CLANG_ANALYZER_LOCALIZABILITY_NONLOCALIZED = YES;
				CLANG_ANALYZER_NONNULL = YES;
				CLANG_ANALYZER_NUMBER_OBJECT_CONVERSION = YES_AGGRESSIVE;
				CLANG_CXX_LANGUAGE_STANDARD = "gnu++14";
				CLANG_CXX_LIBRARY = "libc++";
				CLANG_ENABLE_MODULES = YES;
				CLANG_ENABLE_OBJC_ARC = YES;
				CLANG_ENABLE_OBJC_WEAK = YES;
				CLANG_WARN_BLOCK_CAPTURE_AUTORELEASING = YES;
				CLANG_WARN_BOOL_CONVERSION = YES;
				CLANG_WARN_COMMA = YES;
				CLANG_WARN_CONSTANT_CONVERSION = YES;
				CLANG_WARN_DEPRECATED_OBJC_IMPLEMENTATIONS = YES;
				CLANG_WARN_DIRECT_OBJC_ISA_USAGE = YES_ERROR;
				CLANG_WARN_DOCUMENTATION_COMMENTS = YES;
				CLANG_WARN_EMPTY_BODY = YES;
				CLANG_WARN_ENUM_CONVERSION = YES;
				CLANG_WARN_INFINITE_RECURSION = YES;
				CLANG_WARN_INT_CONVERSION = YES;
				CLANG_WARN_NON_LITERAL_NULL_CONVERSION = YES;
				CLANG_WARN_OBJC_IMPLICIT_RETAIN_SELF = YES;
				CLANG_WARN_OBJC_LITERAL_CONVERSION = YES;
				CLANG_WARN_OBJC_ROOT_CLASS = YES_ERROR;
				CLANG_WARN_QUOTED_INCLUDE_IN_FRAMEWORK_HEADER = YES;
				CLANG_WARN_RANGE_LOOP_ANALYSIS = YES;
				CLANG_WARN_STRICT_PROTOTYPES = YES;
				CLANG_WARN_SUSPICIOUS_MOVE = YES;
				CLANG_WARN_UNGUARDED_AVAILABILITY = YES_AGGRESSIVE;
				CLANG_WARN_UNREACHABLE_CODE = YES;
				CLANG_WARN__DUPLICATE_METHOD_MATCH = YES;
				COPY_PHASE_STRIP = NO;
				DEBUG_INFORMATION_FORMAT = dwarf;
				ENABLE_STRICT_OBJC_MSGSEND = YES;
				ENABLE_TESTABILITY = YES;
				GCC_C_LANGUAGE_STANDARD = gnu11;
				GCC_DYNAMIC_NO_PIC = NO;
				GCC_NO_COMMON_BLOCKS = YES;
				GCC_OPTIMIZATION_LEVEL = 0;
				GCC_PREPROCESSOR_DEFINITIONS = (
					"DEBUG=1",
					"$(inherited)",
				);
				GCC_WARN_64_TO_32_BIT_CONVERSION = YES;
				GCC_WARN_ABOUT_RETURN_TYPE = YES_ERROR;
				GCC_WARN_UNDECLARED_SELECTOR = YES;
				GCC_WARN_UNINITIALIZED_AUTOS = YES_AGGRESSIVE;
				GCC_WARN_UNUSED_FUNCTION = YES;
				GCC_WARN_UNUSED_VARIABLE = YES;
				MTL_ENABLE_DEBUG_INFO = YES;
				ONLY_ACTIVE_ARCH = YES;
				PRODUCT_NAME = "$(TARGET_NAME)";
			};
			name = Debug;
		};
		EA9319DCE29C346F93C6B85D /* Debug */ = {
			isa = XCBuildConfiguration;
			buildSettings = {
				ASSETCATALOG_COMPILER_APPICON_NAME = AppIcon;
				CODE_SIGN_IDENTITY = "iPhone Developer";
				CODE_SIGN_STYLE = Automatic;
				DEVELOPMENT_TEAM = RM4A5PXTUX;
				ENABLE_PREVIEWS = YES;
				INFOPLIST_FILE = Derived/InfoPlists/MarkAsReadGroupChannel.plist;
				IPHONEOS_DEPLOYMENT_TARGET = 13.0;
				LD_RUNPATH_SEARCH_PATHS = (
					"$(inherited)",
					"@executable_path/Frameworks",
				);
				PRODUCT_BUNDLE_IDENTIFIER = com.sendbird.chat.MarkAsReadGroupChannel;
				PRODUCT_NAME = MarkAsReadGroupChannel;
				SDKROOT = iphoneos;
				SUPPORTS_MACCATALYST = NO;
				SWIFT_ACTIVE_COMPILATION_CONDITIONS = DEBUG;
				SWIFT_COMPILATION_MODE = singlefile;
				SWIFT_OPTIMIZATION_LEVEL = "-Onone";
				SWIFT_VERSION = 5.8.1;
				TARGETED_DEVICE_FAMILY = 1;
			};
			name = Debug;
		};
		ED4D4BB82C79FCBE14FA9241 /* Release */ = {
			isa = XCBuildConfiguration;
			buildSettings = {
				ALWAYS_SEARCH_USER_PATHS = NO;
				CLANG_ANALYZER_LOCALIZABILITY_NONLOCALIZED = YES;
				CLANG_ANALYZER_NONNULL = YES;
				CLANG_ANALYZER_NUMBER_OBJECT_CONVERSION = YES_AGGRESSIVE;
				CLANG_CXX_LANGUAGE_STANDARD = "gnu++14";
				CLANG_CXX_LIBRARY = "libc++";
				CLANG_ENABLE_MODULES = YES;
				CLANG_ENABLE_OBJC_ARC = YES;
				CLANG_ENABLE_OBJC_WEAK = YES;
				CLANG_WARN_BLOCK_CAPTURE_AUTORELEASING = YES;
				CLANG_WARN_BOOL_CONVERSION = YES;
				CLANG_WARN_COMMA = YES;
				CLANG_WARN_CONSTANT_CONVERSION = YES;
				CLANG_WARN_DEPRECATED_OBJC_IMPLEMENTATIONS = YES;
				CLANG_WARN_DIRECT_OBJC_ISA_USAGE = YES_ERROR;
				CLANG_WARN_DOCUMENTATION_COMMENTS = YES;
				CLANG_WARN_EMPTY_BODY = YES;
				CLANG_WARN_ENUM_CONVERSION = YES;
				CLANG_WARN_INFINITE_RECURSION = YES;
				CLANG_WARN_INT_CONVERSION = YES;
				CLANG_WARN_NON_LITERAL_NULL_CONVERSION = YES;
				CLANG_WARN_OBJC_IMPLICIT_RETAIN_SELF = YES;
				CLANG_WARN_OBJC_LITERAL_CONVERSION = YES;
				CLANG_WARN_OBJC_ROOT_CLASS = YES_ERROR;
				CLANG_WARN_QUOTED_INCLUDE_IN_FRAMEWORK_HEADER = YES;
				CLANG_WARN_RANGE_LOOP_ANALYSIS = YES;
				CLANG_WARN_STRICT_PROTOTYPES = YES;
				CLANG_WARN_SUSPICIOUS_MOVE = YES;
				CLANG_WARN_UNGUARDED_AVAILABILITY = YES_AGGRESSIVE;
				CLANG_WARN_UNREACHABLE_CODE = YES;
				CLANG_WARN__DUPLICATE_METHOD_MATCH = YES;
				COPY_PHASE_STRIP = NO;
				DEBUG_INFORMATION_FORMAT = "dwarf-with-dsym";
				ENABLE_NS_ASSERTIONS = NO;
				ENABLE_STRICT_OBJC_MSGSEND = YES;
				GCC_C_LANGUAGE_STANDARD = gnu11;
				GCC_NO_COMMON_BLOCKS = YES;
				GCC_WARN_64_TO_32_BIT_CONVERSION = YES;
				GCC_WARN_ABOUT_RETURN_TYPE = YES_ERROR;
				GCC_WARN_UNDECLARED_SELECTOR = YES;
				GCC_WARN_UNINITIALIZED_AUTOS = YES_AGGRESSIVE;
				GCC_WARN_UNUSED_FUNCTION = YES;
				GCC_WARN_UNUSED_VARIABLE = YES;
				MTL_ENABLE_DEBUG_INFO = NO;
				PRODUCT_NAME = "$(TARGET_NAME)";
				VALIDATE_PRODUCT = YES;
			};
			name = Release;
		};
/* End XCBuildConfiguration section */

/* Begin XCConfigurationList section */
		672F38E4F00D0B7ABAD4AC5A /* Build configuration list for PBXProject "MarkAsReadGroupChannel" */ = {
			isa = XCConfigurationList;
			buildConfigurations = (
				E1DD72B4A570172319ED2746 /* Debug */,
				ED4D4BB82C79FCBE14FA9241 /* Release */,
			);
			defaultConfigurationIsVisible = 0;
			defaultConfigurationName = Release;
		};
		BBA8271B5BD223AA88B5178F /* Build configuration list for PBXNativeTarget "MarkAsReadGroupChannel" */ = {
			isa = XCConfigurationList;
			buildConfigurations = (
				EA9319DCE29C346F93C6B85D /* Debug */,
				3B9257414F89B034DFAE5B8F /* Release */,
			);
			defaultConfigurationIsVisible = 0;
			defaultConfigurationName = Release;
		};
/* End XCConfigurationList section */
	};
	rootObject = BB13BBAADEC2785F562D7D69 /* Project object */;
}
