// !$*UTF8*$!
{
	archiveVersion = 1;
	classes = {
	};
	objectVersion = 50;
	objects = {

/* Begin PBXBuildFile section */
		03CF2EC636D10834E66F7D10 /* SettingViewController.swift in Sources */ = {isa = PBXBuildFile; fileRef = 11FCA2CA38F1D02A9D31DDCD /* SettingViewController.swift */; };
		151886286770E300895E50E0 /* Bundle+ReactToMessageGroupChannel.swift in Sources */ = {isa = PBXBuildFile; fileRef = D55E2F14297D4E9B5867A11F /* Bundle+ReactToMessageGroupChannel.swift */; };
		1F74F344BDD775307F390E17 /* GroupChannelViewController.swift in Sources */ = {isa = PBXBuildFile; fileRef = 9B98F6654305014ADB3A4F14 /* GroupChannelViewController.swift */; };
		28985AC5F7CBFC436B7300A7 /* Assets+ReactToMessageGroupChannel.swift in Sources */ = {isa = PBXBuildFile; fileRef = 5EEE5B8E0DD6A8DED9D40284 /* Assets+ReactToMessageGroupChannel.swift */; };
		2ABC51C3E4D0A97D74FE2D89 /* AppDelegate.swift in Sources */ = {isa = PBXBuildFile; fileRef = 684CF4C0CDA0EF9EAF8CBCBE /* AppDelegate.swift */; };
		39DAC9E6A9D5C3BFA1C491FE /* CommonModule.framework in Frameworks */ = {isa = PBXBuildFile; fileRef = 03DD17624D4A53B5BFD3F5F1 /* CommonModule.framework */; platformFilter = ios; };
		3AD0A22F617FA2D1A5C134D5 /* GroupChannelViewController+FileMessage.swift in Sources */ = {isa = PBXBuildFile; fileRef = F2086846530277597BFFB5A4 /* GroupChannelViewController+FileMessage.swift */; };
		489936EFB44E8E6D41175571 /* GroupChannelMemberListViewController.swift in Sources */ = {isa = PBXBuildFile; fileRef = B52A10E6D210285B1623EB97 /* GroupChannelMemberListViewController.swift */; };
		560DF2509EE0FAF62DFD3C08 /* ReactToMessageCell.swift in Sources */ = {isa = PBXBuildFile; fileRef = 791130D34863CC2B1A4AF451 /* ReactToMessageCell.swift */; };
		601583B0279D93A390E86DE6 /* LaunchScreen.storyboard in Resources */ = {isa = PBXBuildFile; fileRef = D5D60879F796F57B8F0B0CE3 /* LaunchScreen.storyboard */; };
		613A06496B65839607B6A794 /* GroupChannelViewController+Setting.swift in Sources */ = {isa = PBXBuildFile; fileRef = E82AD3FDB6B5A6A15867957E /* GroupChannelViewController+Setting.swift */; };
		99B5D5CBD7CEB9F1B5E3D5EC /* Assets.xcassets in Resources */ = {isa = PBXBuildFile; fileRef = 77FD542C6BF5A1F1B8E19485 /* Assets.xcassets */; };
		AE4E8E75296F1B21AEB03F3E /* GroupChannelListViewController.swift in Sources */ = {isa = PBXBuildFile; fileRef = 9292BF5A496D63C9C8DFF7CE /* GroupChannelListViewController.swift */; };
		B603F0D6B4B59E9965FC3A65 /* Main.storyboard in Resources */ = {isa = PBXBuildFile; fileRef = 77AE87B62A4A9BF1C4F844D0 /* Main.storyboard */; };
		BB62E9F8D8E844AEC6C96D80 /* CommonModule.framework in Embed Frameworks */ = {isa = PBXBuildFile; fileRef = 03DD17624D4A53B5BFD3F5F1 /* CommonModule.framework */; platformFilter = ios; settings = {ATTRIBUTES = (CodeSignOnCopy, RemoveHeadersOnCopy, ); }; };
		C7C35CE427765EE16AFD5B70 /* ReactToMessageUseCase.swift in Sources */ = {isa = PBXBuildFile; fileRef = 9344F7D7CEFEE1025B092626 /* ReactToMessageUseCase.swift */; };
		CEFA94A19FD9C35AD4F43150 /* CreateGroupChannelViewController.swift in Sources */ = {isa = PBXBuildFile; fileRef = 4168EAF2B9050C7D9F111004 /* CreateGroupChannelViewController.swift */; };
		EF673E32F1F503C1B8376303 /* SendbirdChatSDK.xcframework in Embed Frameworks */ = {isa = PBXBuildFile; fileRef = 0E17A849BB6562E08D1CC243 /* SendbirdChatSDK.xcframework */; settings = {ATTRIBUTES = (CodeSignOnCopy, RemoveHeadersOnCopy, ); }; };
		FCA43C4D150B9EDAE768C6F5 /* ViewController.swift in Sources */ = {isa = PBXBuildFile; fileRef = 2CE28F8427FC4BFFB3E43564 /* ViewController.swift */; };
		FCDC0C2116DD6936A14A8DCA /* GroupChannelViewController+EditMessage.swift in Sources */ = {isa = PBXBuildFile; fileRef = AC7C536E6C15973E2ED241CD /* GroupChannelViewController+EditMessage.swift */; };
/* End PBXBuildFile section */

/* Begin PBXCopyFilesBuildPhase section */
		F620F15F845330890A0602E3 /* Embed Frameworks */ = {
			isa = PBXCopyFilesBuildPhase;
			buildActionMask = 2147483647;
			dstPath = "";
			dstSubfolderSpec = 10;
			files = (
				BB62E9F8D8E844AEC6C96D80 /* CommonModule.framework in Embed Frameworks */,
				EF673E32F1F503C1B8376303 /* SendbirdChatSDK.xcframework in Embed Frameworks */,
			);
			name = "Embed Frameworks";
			runOnlyForDeploymentPostprocessing = 0;
		};
/* End PBXCopyFilesBuildPhase section */

/* Begin PBXFileReference section */
		03DD17624D4A53B5BFD3F5F1 /* CommonModule.framework */ = {isa = PBXFileReference; explicitFileType = wrapper.framework; includeInIndex = 0; path = CommonModule.framework; sourceTree = BUILT_PRODUCTS_DIR; };
		0E17A849BB6562E08D1CC243 /* SendbirdChatSDK.xcframework */ = {isa = PBXFileReference; lastKnownFileType = wrapper.xcframework; path = SendbirdChatSDK.xcframework; sourceTree = "<group>"; };
		11FCA2CA38F1D02A9D31DDCD /* SettingViewController.swift */ = {isa = PBXFileReference; lastKnownFileType = sourcecode.swift; path = SettingViewController.swift; sourceTree = "<group>"; };
		2CE28F8427FC4BFFB3E43564 /* ViewController.swift */ = {isa = PBXFileReference; lastKnownFileType = sourcecode.swift; path = ViewController.swift; sourceTree = "<group>"; };
		4168EAF2B9050C7D9F111004 /* CreateGroupChannelViewController.swift */ = {isa = PBXFileReference; lastKnownFileType = sourcecode.swift; path = CreateGroupChannelViewController.swift; sourceTree = "<group>"; };
		5EEE5B8E0DD6A8DED9D40284 /* Assets+ReactToMessageGroupChannel.swift */ = {isa = PBXFileReference; lastKnownFileType = sourcecode.swift; path = "Assets+ReactToMessageGroupChannel.swift"; sourceTree = "<group>"; };
		684CF4C0CDA0EF9EAF8CBCBE /* AppDelegate.swift */ = {isa = PBXFileReference; lastKnownFileType = sourcecode.swift; path = AppDelegate.swift; sourceTree = "<group>"; };
		755E4D6E6C21070CF5CC8B8D /* ReactToMessageGroupChannel.plist */ = {isa = PBXFileReference; lastKnownFileType = text.plist; path = ReactToMessageGroupChannel.plist; sourceTree = "<group>"; };
		77AE87B62A4A9BF1C4F844D0 /* Main.storyboard */ = {isa = PBXFileReference; lastKnownFileType = file.storyboard; path = Main.storyboard; sourceTree = "<group>"; };
		77FD542C6BF5A1F1B8E19485 /* Assets.xcassets */ = {isa = PBXFileReference; lastKnownFileType = folder.assetcatalog; path = Assets.xcassets; sourceTree = "<group>"; };
		791130D34863CC2B1A4AF451 /* ReactToMessageCell.swift */ = {isa = PBXFileReference; lastKnownFileType = sourcecode.swift; path = ReactToMessageCell.swift; sourceTree = "<group>"; };
		9292BF5A496D63C9C8DFF7CE /* GroupChannelListViewController.swift */ = {isa = PBXFileReference; lastKnownFileType = sourcecode.swift; path = GroupChannelListViewController.swift; sourceTree = "<group>"; };
		9344F7D7CEFEE1025B092626 /* ReactToMessageUseCase.swift */ = {isa = PBXFileReference; lastKnownFileType = sourcecode.swift; path = ReactToMessageUseCase.swift; sourceTree = "<group>"; };
		9B98F6654305014ADB3A4F14 /* GroupChannelViewController.swift */ = {isa = PBXFileReference; lastKnownFileType = sourcecode.swift; path = GroupChannelViewController.swift; sourceTree = "<group>"; };
		AC7C536E6C15973E2ED241CD /* GroupChannelViewController+EditMessage.swift */ = {isa = PBXFileReference; lastKnownFileType = sourcecode.swift; path = "GroupChannelViewController+EditMessage.swift"; sourceTree = "<group>"; };
		B52A10E6D210285B1623EB97 /* GroupChannelMemberListViewController.swift */ = {isa = PBXFileReference; lastKnownFileType = sourcecode.swift; path = GroupChannelMemberListViewController.swift; sourceTree = "<group>"; };
		CB021D1DAB6FE379ABF63AA6 /* ReactToMessageGroupChannel.app */ = {isa = PBXFileReference; explicitFileType = wrapper.application; includeInIndex = 0; path = ReactToMessageGroupChannel.app; sourceTree = BUILT_PRODUCTS_DIR; };
		D55E2F14297D4E9B5867A11F /* Bundle+ReactToMessageGroupChannel.swift */ = {isa = PBXFileReference; lastKnownFileType = sourcecode.swift; path = "Bundle+ReactToMessageGroupChannel.swift"; sourceTree = "<group>"; };
		D5D60879F796F57B8F0B0CE3 /* LaunchScreen.storyboard */ = {isa = PBXFileReference; lastKnownFileType = file.storyboard; path = LaunchScreen.storyboard; sourceTree = "<group>"; };
		E82AD3FDB6B5A6A15867957E /* GroupChannelViewController+Setting.swift */ = {isa = PBXFileReference; lastKnownFileType = sourcecode.swift; path = "GroupChannelViewController+Setting.swift"; sourceTree = "<group>"; };
		F2086846530277597BFFB5A4 /* GroupChannelViewController+FileMessage.swift */ = {isa = PBXFileReference; lastKnownFileType = sourcecode.swift; path = "GroupChannelViewController+FileMessage.swift"; sourceTree = "<group>"; };
/* End PBXFileReference section */

/* Begin PBXFrameworksBuildPhase section */
		2F3784121B01BF6F3BA7F52B /* Frameworks */ = {
			isa = PBXFrameworksBuildPhase;
			buildActionMask = 2147483647;
			files = (
				39DAC9E6A9D5C3BFA1C491FE /* CommonModule.framework in Frameworks */,
			);
			runOnlyForDeploymentPostprocessing = 0;
		};
/* End PBXFrameworksBuildPhase section */

/* Begin PBXGroup section */
		1B4CE10723897A30F5077AAE /* Frameworks */ = {
			isa = PBXGroup;
			children = (
			);
			name = Frameworks;
			sourceTree = "<group>";
		};
		1CDA288BD41C8B8E91C030A7 /* Sources */ = {
			isa = PBXGroup;
			children = (
				5EEE5B8E0DD6A8DED9D40284 /* Assets+ReactToMessageGroupChannel.swift */,
				D55E2F14297D4E9B5867A11F /* Bundle+ReactToMessageGroupChannel.swift */,
			);
			path = Sources;
			sourceTree = "<group>";
		};
		2D6666DDE37EC00D8CF465C3 /* SwiftPackageManager */ = {
			isa = PBXGroup;
			children = (
				9DB7C4B402983371B9B2E4BF /* .build */,
			);
			path = SwiftPackageManager;
			sourceTree = "<group>";
		};
		2E60A876BA92E95623957E04 /* SendbirdChatSDK */ = {
			isa = PBXGroup;
			children = (
				0E17A849BB6562E08D1CC243 /* SendbirdChatSDK.xcframework */,
			);
			path = SendbirdChatSDK;
			sourceTree = "<group>";
		};
		4FAC3B49E4DDB1A7DC3EC39C /* MemberList */ = {
			isa = PBXGroup;
			children = (
				B52A10E6D210285B1623EB97 /* GroupChannelMemberListViewController.swift */,
			);
			path = MemberList;
			sourceTree = "<group>";
		};
		58DFAA80CC78AF0521286510 /* Setting */ = {
			isa = PBXGroup;
			children = (
				11FCA2CA38F1D02A9D31DDCD /* SettingViewController.swift */,
			);
			path = Setting;
			sourceTree = "<group>";
		};
		6339498C6E56790D59624964 /* UseCase */ = {
			isa = PBXGroup;
			children = (
				9344F7D7CEFEE1025B092626 /* ReactToMessageUseCase.swift */,
			);
			path = UseCase;
			sourceTree = "<group>";
		};
		75400C98B57EF62D7862213D /* Resources */ = {
			isa = PBXGroup;
			children = (
				77FD542C6BF5A1F1B8E19485 /* Assets.xcassets */,
				D5D60879F796F57B8F0B0CE3 /* LaunchScreen.storyboard */,
				77AE87B62A4A9BF1C4F844D0 /* Main.storyboard */,
			);
			path = Resources;
			sourceTree = "<group>";
		};
		7978A1C83DC9DF8A2D3620B8 /* Derived */ = {
			isa = PBXGroup;
			children = (
				CEE35766C8D70FF335BB7CB1 /* InfoPlists */,
				1CDA288BD41C8B8E91C030A7 /* Sources */,
			);
			path = Derived;
			sourceTree = "<group>";
		};
		7AE8EE9118814775DB2758DA /* Dependencies */ = {
			isa = PBXGroup;
			children = (
				2D6666DDE37EC00D8CF465C3 /* SwiftPackageManager */,
			);
			path = Dependencies;
			sourceTree = "<group>";
		};
		7D305FD2DE9E33E0E5AC8971 /* ChannelList */ = {
			isa = PBXGroup;
			children = (
				9292BF5A496D63C9C8DFF7CE /* GroupChannelListViewController.swift */,
			);
			path = ChannelList;
			sourceTree = "<group>";
		};
		852C13D28ED4771269B41315 /* artifacts */ = {
			isa = PBXGroup;
			children = (
				F33B15B8AE6EB214CFA26595 /* sendbird-chat-sdk-ios */,
			);
			path = artifacts;
			sourceTree = "<group>";
		};
		8D3937C4B099BFC781B0DAFA /* Tuist */ = {
			isa = PBXGroup;
			children = (
				7AE8EE9118814775DB2758DA /* Dependencies */,
			);
			name = Tuist;
			path = ../../Tuist;
			sourceTree = "<group>";
		};
		9DB7C4B402983371B9B2E4BF /* .build */ = {
			isa = PBXGroup;
			children = (
				852C13D28ED4771269B41315 /* artifacts */,
			);
			path = .build;
			sourceTree = "<group>";
		};
		B378F2A0609B79C78DDAC62B = {
			isa = PBXGroup;
			children = (
				FA20D98432D3190321BC3D00 /* Project */,
				1B4CE10723897A30F5077AAE /* Frameworks */,
				F6F310A662AB2FD676CF6D58 /* Products */,
			);
			sourceTree = "<group>";
		};
		B955AA0DD62477E0ACF2AF1A /* CreateChannel */ = {
			isa = PBXGroup;
			children = (
				4168EAF2B9050C7D9F111004 /* CreateGroupChannelViewController.swift */,
			);
			path = CreateChannel;
			sourceTree = "<group>";
		};
		CEE35766C8D70FF335BB7CB1 /* InfoPlists */ = {
			isa = PBXGroup;
			children = (
				755E4D6E6C21070CF5CC8B8D /* ReactToMessageGroupChannel.plist */,
			);
			path = InfoPlists;
			sourceTree = "<group>";
		};
		D4362AC2B5F9F54DFBB6F0B8 /* Sources */ = {
			isa = PBXGroup;
			children = (
				FC0A5DD7B767AEA3BE0D1AF3 /* Channel */,
				7D305FD2DE9E33E0E5AC8971 /* ChannelList */,
				B955AA0DD62477E0ACF2AF1A /* CreateChannel */,
				4FAC3B49E4DDB1A7DC3EC39C /* MemberList */,
				58DFAA80CC78AF0521286510 /* Setting */,
				6339498C6E56790D59624964 /* UseCase */,
				684CF4C0CDA0EF9EAF8CBCBE /* AppDelegate.swift */,
				2CE28F8427FC4BFFB3E43564 /* ViewController.swift */,
			);
			path = Sources;
			sourceTree = "<group>";
		};
		F33B15B8AE6EB214CFA26595 /* sendbird-chat-sdk-ios */ = {
			isa = PBXGroup;
			children = (
				2E60A876BA92E95623957E04 /* SendbirdChatSDK */,
			);
			path = "sendbird-chat-sdk-ios";
			sourceTree = "<group>";
		};
		F6F310A662AB2FD676CF6D58 /* Products */ = {
			isa = PBXGroup;
			children = (
				03DD17624D4A53B5BFD3F5F1 /* CommonModule.framework */,
				CB021D1DAB6FE379ABF63AA6 /* ReactToMessageGroupChannel.app */,
			);
			name = Products;
			sourceTree = "<group>";
		};
		FA20D98432D3190321BC3D00 /* Project */ = {
			isa = PBXGroup;
			children = (
				7978A1C83DC9DF8A2D3620B8 /* Derived */,
				75400C98B57EF62D7862213D /* Resources */,
				D4362AC2B5F9F54DFBB6F0B8 /* Sources */,
				8D3937C4B099BFC781B0DAFA /* Tuist */,
			);
			name = Project;
			sourceTree = "<group>";
		};
		FC0A5DD7B767AEA3BE0D1AF3 /* Channel */ = {
			isa = PBXGroup;
			children = (
				9B98F6654305014ADB3A4F14 /* GroupChannelViewController.swift */,
				AC7C536E6C15973E2ED241CD /* GroupChannelViewController+EditMessage.swift */,
				F2086846530277597BFFB5A4 /* GroupChannelViewController+FileMessage.swift */,
				E82AD3FDB6B5A6A15867957E /* GroupChannelViewController+Setting.swift */,
				791130D34863CC2B1A4AF451 /* ReactToMessageCell.swift */,
			);
			path = Channel;
			sourceTree = "<group>";
		};
/* End PBXGroup section */

/* Begin PBXNativeTarget section */
		6CF9CEF272A9A6F7ED5755A0 /* ReactToMessageGroupChannel */ = {
			isa = PBXNativeTarget;
			buildConfigurationList = 63A74C7CA5F8E95FDB9D5746 /* Build configuration list for PBXNativeTarget "ReactToMessageGroupChannel" */;
			buildPhases = (
				C3E9AA9450E02E0A5703AEE0 /* Sources */,
				CD5960E45E85B47FF229FBE0 /* Resources */,
				F620F15F845330890A0602E3 /* Embed Frameworks */,
				2F3784121B01BF6F3BA7F52B /* Frameworks */,
			);
			buildRules = (
			);
			dependencies = (
			);
			name = ReactToMessageGroupChannel;
			productName = ReactToMessageGroupChannel;
			productReference = CB021D1DAB6FE379ABF63AA6 /* ReactToMessageGroupChannel.app */;
			productType = "com.apple.product-type.application";
		};
/* End PBXNativeTarget section */

/* Begin PBXProject section */
		3151C1756F870DA38AAEF89F /* Project object */ = {
			isa = PBXProject;
			attributes = {
				ORGANIZATIONNAME = Sendbird;
				TargetAttributes = {
				};
			};
			buildConfigurationList = 564D042B081934C75935BF9E /* Build configuration list for PBXProject "ReactToMessageGroupChannel" */;
			compatibilityVersion = "Xcode 13.0";
			developmentRegion = en;
			hasScannedForEncodings = 0;
			knownRegions = (
				Base,
				en,
			);
			mainGroup = B378F2A0609B79C78DDAC62B;
			productRefGroup = F6F310A662AB2FD676CF6D58 /* Products */;
			projectDirPath = "";
			projectRoot = "";
			targets = (
				6CF9CEF272A9A6F7ED5755A0 /* ReactToMessageGroupChannel */,
			);
		};
/* End PBXProject section */

/* Begin PBXResourcesBuildPhase section */
		CD5960E45E85B47FF229FBE0 /* Resources */ = {
			isa = PBXResourcesBuildPhase;
			buildActionMask = 2147483647;
			files = (
				99B5D5CBD7CEB9F1B5E3D5EC /* Assets.xcassets in Resources */,
				601583B0279D93A390E86DE6 /* LaunchScreen.storyboard in Resources */,
				B603F0D6B4B59E9965FC3A65 /* Main.storyboard in Resources */,
			);
			runOnlyForDeploymentPostprocessing = 0;
		};
/* End PBXResourcesBuildPhase section */

/* Begin PBXSourcesBuildPhase section */
		C3E9AA9450E02E0A5703AEE0 /* Sources */ = {
			isa = PBXSourcesBuildPhase;
			buildActionMask = 2147483647;
			files = (
				28985AC5F7CBFC436B7300A7 /* Assets+ReactToMessageGroupChannel.swift in Sources */,
				151886286770E300895E50E0 /* Bundle+ReactToMessageGroupChannel.swift in Sources */,
				2ABC51C3E4D0A97D74FE2D89 /* AppDelegate.swift in Sources */,
				FCDC0C2116DD6936A14A8DCA /* GroupChannelViewController+EditMessage.swift in Sources */,
				3AD0A22F617FA2D1A5C134D5 /* GroupChannelViewController+FileMessage.swift in Sources */,
				613A06496B65839607B6A794 /* GroupChannelViewController+Setting.swift in Sources */,
				1F74F344BDD775307F390E17 /* GroupChannelViewController.swift in Sources */,
				560DF2509EE0FAF62DFD3C08 /* ReactToMessageCell.swift in Sources */,
				AE4E8E75296F1B21AEB03F3E /* GroupChannelListViewController.swift in Sources */,
				CEFA94A19FD9C35AD4F43150 /* CreateGroupChannelViewController.swift in Sources */,
				489936EFB44E8E6D41175571 /* GroupChannelMemberListViewController.swift in Sources */,
				03CF2EC636D10834E66F7D10 /* SettingViewController.swift in Sources */,
				C7C35CE427765EE16AFD5B70 /* ReactToMessageUseCase.swift in Sources */,
				FCA43C4D150B9EDAE768C6F5 /* ViewController.swift in Sources */,
			);
			runOnlyForDeploymentPostprocessing = 0;
		};
/* End PBXSourcesBuildPhase section */

/* Begin XCBuildConfiguration section */
		30608052DA59C9975DF82A1E /* Release */ = {
			isa = XCBuildConfiguration;
			buildSettings = {
				ASSETCATALOG_COMPILER_APPICON_NAME = AppIcon;
				CODE_SIGN_IDENTITY = "iPhone Developer";
				CODE_SIGN_STYLE = Automatic;
				DEVELOPMENT_TEAM = RM4A5PXTUX;
				ENABLE_PREVIEWS = YES;
				INFOPLIST_FILE = Derived/InfoPlists/ReactToMessageGroupChannel.plist;
				IPHONEOS_DEPLOYMENT_TARGET = 13.0;
				LD_RUNPATH_SEARCH_PATHS = (
					"$(inherited)",
					"@executable_path/Frameworks",
				);
				PRODUCT_BUNDLE_IDENTIFIER = com.sendbird.chat.ReactToMessageGroupChannel;
				PRODUCT_NAME = ReactToMessageGroupChannel;
				SDKROOT = iphoneos;
				SUPPORTS_MACCATALYST = NO;
				SWIFT_COMPILATION_MODE = wholemodule;
				SWIFT_OPTIMIZATION_LEVEL = "-Owholemodule";
				SWIFT_VERSION = 5.8.1;
				TARGETED_DEVICE_FAMILY = 1;
			};
			name = Release;
		};
		4B5002F83EBA2F1A449E7029 /* Release */ = {
			isa = XCBuildConfiguration;
			buildSettings = {
				ALWAYS_SEARCH_USER_PATHS = NO;
				CLANG_ANALYZER_LOCALIZABILITY_NONLOCALIZED = YES;
				CLANG_ANALYZER_NONNULL = YES;
				CLANG_ANALYZER_NUMBER_OBJECT_CONVERSION = YES_AGGRESSIVE;
				CLANG_CXX_LANGUAGE_STANDARD = "gnu++14";
				CLANG_CXX_LIBRARY = "libc++";
				CLANG_ENABLE_MODULES = YES;
				CLANG_ENABLE_OBJC_ARC = YES;
				CLANG_ENABLE_OBJC_WEAK = YES;
				CLANG_WARN_BLOCK_CAPTURE_AUTORELEASING = YES;
				CLANG_WARN_BOOL_CONVERSION = YES;
				CLANG_WARN_COMMA = YES;
				CLANG_WARN_CONSTANT_CONVERSION = YES;
				CLANG_WARN_DEPRECATED_OBJC_IMPLEMENTATIONS = YES;
				CLANG_WARN_DIRECT_OBJC_ISA_USAGE = YES_ERROR;
				CLANG_WARN_DOCUMENTATION_COMMENTS = YES;
				CLANG_WARN_EMPTY_BODY = YES;
				CLANG_WARN_ENUM_CONVERSION = YES;
				CLANG_WARN_INFINITE_RECURSION = YES;
				CLANG_WARN_INT_CONVERSION = YES;
				CLANG_WARN_NON_LITERAL_NULL_CONVERSION = YES;
				CLANG_WARN_OBJC_IMPLICIT_RETAIN_SELF = YES;
				CLANG_WARN_OBJC_LITERAL_CONVERSION = YES;
				CLANG_WARN_OBJC_ROOT_CLASS = YES_ERROR;
				CLANG_WARN_QUOTED_INCLUDE_IN_FRAMEWORK_HEADER = YES;
				CLANG_WARN_RANGE_LOOP_ANALYSIS = YES;
				CLANG_WARN_STRICT_PROTOTYPES = YES;
				CLANG_WARN_SUSPICIOUS_MOVE = YES;
				CLANG_WARN_UNGUARDED_AVAILABILITY = YES_AGGRESSIVE;
				CLANG_WARN_UNREACHABLE_CODE = YES;
				CLANG_WARN__DUPLICATE_METHOD_MATCH = YES;
				COPY_PHASE_STRIP = NO;
				DEBUG_INFORMATION_FORMAT = "dwarf-with-dsym";
				ENABLE_NS_ASSERTIONS = NO;
				ENABLE_STRICT_OBJC_MSGSEND = YES;
				GCC_C_LANGUAGE_STANDARD = gnu11;
				GCC_NO_COMMON_BLOCKS = YES;
				GCC_WARN_64_TO_32_BIT_CONVERSION = YES;
				GCC_WARN_ABOUT_RETURN_TYPE = YES_ERROR;
				GCC_WARN_UNDECLARED_SELECTOR = YES;
				GCC_WARN_UNINITIALIZED_AUTOS = YES_AGGRESSIVE;
				GCC_WARN_UNUSED_FUNCTION = YES;
				GCC_WARN_UNUSED_VARIABLE = YES;
				MTL_ENABLE_DEBUG_INFO = NO;
				PRODUCT_NAME = "$(TARGET_NAME)";
				VALIDATE_PRODUCT = YES;
			};
			name = Release;
		};
		79394FEE26CCF7C46BCB0E6D /* Debug */ = {
			isa = XCBuildConfiguration;
			buildSettings = {
				ALWAYS_SEARCH_USER_PATHS = NO;
				CLANG_ANALYZER_LOCALIZABILITY_NONLOCALIZED = YES;
				CLANG_ANALYZER_NONNULL = YES;
				CLANG_ANALYZER_NUMBER_OBJECT_CONVERSION = YES_AGGRESSIVE;
				CLANG_CXX_LANGUAGE_STANDARD = "gnu++14";
				CLANG_CXX_LIBRARY = "libc++";
				CLANG_ENABLE_MODULES = YES;
				CLANG_ENABLE_OBJC_ARC = YES;
				CLANG_ENABLE_OBJC_WEAK = YES;
				CLANG_WARN_BLOCK_CAPTURE_AUTORELEASING = YES;
				CLANG_WARN_BOOL_CONVERSION = YES;
				CLANG_WARN_COMMA = YES;
				CLANG_WARN_CONSTANT_CONVERSION = YES;
				CLANG_WARN_DEPRECATED_OBJC_IMPLEMENTATIONS = YES;
				CLANG_WARN_DIRECT_OBJC_ISA_USAGE = YES_ERROR;
				CLANG_WARN_DOCUMENTATION_COMMENTS = YES;
				CLANG_WARN_EMPTY_BODY = YES;
				CLANG_WARN_ENUM_CONVERSION = YES;
				CLANG_WARN_INFINITE_RECURSION = YES;
				CLANG_WARN_INT_CONVERSION = YES;
				CLANG_WARN_NON_LITERAL_NULL_CONVERSION = YES;
				CLANG_WARN_OBJC_IMPLICIT_RETAIN_SELF = YES;
				CLANG_WARN_OBJC_LITERAL_CONVERSION = YES;
				CLANG_WARN_OBJC_ROOT_CLASS = YES_ERROR;
				CLANG_WARN_QUOTED_INCLUDE_IN_FRAMEWORK_HEADER = YES;
				CLANG_WARN_RANGE_LOOP_ANALYSIS = YES;
				CLANG_WARN_STRICT_PROTOTYPES = YES;
				CLANG_WARN_SUSPICIOUS_MOVE = YES;
				CLANG_WARN_UNGUARDED_AVAILABILITY = YES_AGGRESSIVE;
				CLANG_WARN_UNREACHABLE_CODE = YES;
				CLANG_WARN__DUPLICATE_METHOD_MATCH = YES;
				COPY_PHASE_STRIP = NO;
				DEBUG_INFORMATION_FORMAT = dwarf;
				ENABLE_STRICT_OBJC_MSGSEND = YES;
				ENABLE_TESTABILITY = YES;
				GCC_C_LANGUAGE_STANDARD = gnu11;
				GCC_DYNAMIC_NO_PIC = NO;
				GCC_NO_COMMON_BLOCKS = YES;
				GCC_OPTIMIZATION_LEVEL = 0;
				GCC_PREPROCESSOR_DEFINITIONS = (
					"DEBUG=1",
					"$(inherited)",
				);
				GCC_WARN_64_TO_32_BIT_CONVERSION = YES;
				GCC_WARN_ABOUT_RETURN_TYPE = YES_ERROR;
				GCC_WARN_UNDECLARED_SELECTOR = YES;
				GCC_WARN_UNINITIALIZED_AUTOS = YES_AGGRESSIVE;
				GCC_WARN_UNUSED_FUNCTION = YES;
				GCC_WARN_UNUSED_VARIABLE = YES;
				MTL_ENABLE_DEBUG_INFO = YES;
				ONLY_ACTIVE_ARCH = YES;
				PRODUCT_NAME = "$(TARGET_NAME)";
			};
			name = Debug;
		};
		CE6AA4E1B6F773E75BDE2976 /* Debug */ = {
			isa = XCBuildConfiguration;
			buildSettings = {
				ASSETCATALOG_COMPILER_APPICON_NAME = AppIcon;
				CODE_SIGN_IDENTITY = "iPhone Developer";
				CODE_SIGN_STYLE = Automatic;
				DEVELOPMENT_TEAM = RM4A5PXTUX;
				ENABLE_PREVIEWS = YES;
				INFOPLIST_FILE = Derived/InfoPlists/ReactToMessageGroupChannel.plist;
				IPHONEOS_DEPLOYMENT_TARGET = 13.0;
				LD_RUNPATH_SEARCH_PATHS = (
					"$(inherited)",
					"@executable_path/Frameworks",
				);
				PRODUCT_BUNDLE_IDENTIFIER = com.sendbird.chat.ReactToMessageGroupChannel;
				PRODUCT_NAME = ReactToMessageGroupChannel;
				SDKROOT = iphoneos;
				SUPPORTS_MACCATALYST = NO;
				SWIFT_ACTIVE_COMPILATION_CONDITIONS = DEBUG;
				SWIFT_COMPILATION_MODE = singlefile;
				SWIFT_OPTIMIZATION_LEVEL = "-Onone";
				SWIFT_VERSION = 5.8.1;
				TARGETED_DEVICE_FAMILY = 1;
			};
			name = Debug;
		};
/* End XCBuildConfiguration section */

/* Begin XCConfigurationList section */
		564D042B081934C75935BF9E /* Build configuration list for PBXProject "ReactToMessageGroupChannel" */ = {
			isa = XCConfigurationList;
			buildConfigurations = (
				79394FEE26CCF7C46BCB0E6D /* Debug */,
				4B5002F83EBA2F1A449E7029 /* Release */,
			);
			defaultConfigurationIsVisible = 0;
			defaultConfigurationName = Release;
		};
		63A74C7CA5F8E95FDB9D5746 /* Build configuration list for PBXNativeTarget "ReactToMessageGroupChannel" */ = {
			isa = XCConfigurationList;
			buildConfigurations = (
				CE6AA4E1B6F773E75BDE2976 /* Debug */,
				30608052DA59C9975DF82A1E /* Release */,
			);
			defaultConfigurationIsVisible = 0;
			defaultConfigurationName = Release;
		};
/* End XCConfigurationList section */
	};
	rootObject = 3151C1756F870DA38AAEF89F /* Project object */;
}
